
Microsoft Visual Studio Solution File, Format Version 12.00
# Visual Studio 15
VisualStudioVersion = 15.0.28010.2036
MinimumVisualStudioVersion = 10.0.40219.1
Project("{E24C65DC-7377-472B-9ABA-BC803B73C61A}") = "Mod09", "Mod09\", "{6974FB07-31FD-4599-BFAE-FF5BEBC760A3}"
	ProjectSection(WebsiteProperties) = preProject
		TargetFrameworkMoniker = ".NETFramework,Version%3Dv4.6.1"
		Debug.AspNetCompiler.VirtualPath = "/localhost_53824"
		Debug.AspNetCompiler.PhysicalPath = "Mod09\"
		Debug.AspNetCompiler.TargetPath = "PrecompiledWeb\localhost_53824\"
		Debug.AspNetCompiler.Updateable = "true"
		Debug.AspNetCompiler.ForceOverwrite = "true"
		Debug.AspNetCompiler.FixedNames = "false"
		Debug.AspNetCompiler.Debug = "True"
		Release.AspNetCompiler.VirtualPath = "/localhost_53824"
		Release.AspNetCompiler.PhysicalPath = "Mod09\"
		Release.AspNetCompiler.TargetPath = "PrecompiledWeb\localhost_53824\"
		Release.AspNetCompiler.Updateable = "true"
		Release.AspNetCompiler.ForceOverwrite = "true"
		Release.AspNetCompiler.FixedNames = "false"
		Release.AspNetCompiler.Debug = "False"
		VWDPort = "53824"
		SlnRelativePath = "Mod09\"
		DefaultWebSiteLanguage = "Visual C#"
	EndProjectSection
EndProject
Global
	GlobalSection(SolutionConfigurationPlatforms) = preSolution
		Debug|Any CPU = Debug|Any CPU
	EndGlobalSection
	GlobalSection(ProjectConfigurationPlatforms) = postSolution
		{6974FB07-31FD-4599-BFAE-FF5BEBC760A3}.Debug|Any CPU.ActiveCfg = Debug|Any CPU
		{6974FB07-31FD-4599-BFAE-FF5BEBC760A3}.Debug|Any CPU.Build.0 = Debug|Any CPU
	EndGlobalSection
	GlobalSection(SolutionProperties) = preSolution
		HideSolutionNode = FALSE
	EndGlobalSection
	GlobalSection(ExtensibilityGlobals) = postSolution
		SolutionGuid = {5F2C161E-1365-46E6-A11F-445B7005DD58}
	EndGlobalSection
EndGlobal
